
Microsoft Visual Studio Solution File, Format Version 12.00
# Visual Studio Version 17
VisualStudioVersion = 17.6.33712.159
MinimumVisualStudioVersion = 10.0.40219.1
Project("{2150E333-8FDC-42A3-9474-1A3956D46DE8}") = "Microservices", "Microservices", "{E9B34294-1203-41A6-9531-3CC99BCC3D06}"
EndProject
Project("{2150E333-8FDC-42A3-9474-1A3956D46DE8}") = "Domain", "Domain", "{14D8FAEB-7B1C-4E22-971F-2781B989A67E}"
EndProject
Project("{2150E333-8FDC-42A3-9474-1A3956D46DE8}") = "Infra.Bus", "Infra.Bus", "{A5ED5D24-0CC9-433E-B0B0-77006A673D23}"
EndProject
Project("{2150E333-8FDC-42A3-9474-1A3956D46DE8}") = "Infra.IoC", "Infra.IoC", "{F4FC5156-DADE-4DA4-9DE6-950377F3941E}"
EndProject
Project("{2150E333-8FDC-42A3-9474-1A3956D46DE8}") = "Presentation", "Presentation", "{A7290EA5-7404-427E-9D68-FC6C000BD4D2}"
EndProject
Project("{9A19103F-16F7-4668-BE54-9A1E7A4F7556}") = "MicroRabbit.Domain.Core", "MicroRabbit\MicroRabbit.Domain.Core\MicroRabbit.Domain.Core.csproj", "{315582EB-2550-44BD-9FEE-7D7160BE55BA}"
EndProject
Project("{9A19103F-16F7-4668-BE54-9A1E7A4F7556}") = "MicroRabit.Infra.Bus", "MicroRabit.Infra.Bus\MicroRabit.Infra.Bus.csproj", "{42920555-0DB1-44C3-B32B-683D83590CC1}"
EndProject
Project("{FAE04EC0-301F-11D3-BF4B-00C04F79EFBC}") = "Rabbit.Infra.IoC", "Rabbit.Infra.IoC\Rabbit.Infra.IoC.csproj", "{7D7C51CF-0153-40F3-B9E6-4D386169FCA9}"
EndProject
Global
	GlobalSection(SolutionConfigurationPlatforms) = preSolution
		Debug|Any CPU = Debug|Any CPU
		Release|Any CPU = Release|Any CPU
	EndGlobalSection
	GlobalSection(ProjectConfigurationPlatforms) = postSolution
		{315582EB-2550-44BD-9FEE-7D7160BE55BA}.Debug|Any CPU.ActiveCfg = Debug|Any CPU
		{315582EB-2550-44BD-9FEE-7D7160BE55BA}.Debug|Any CPU.Build.0 = Debug|Any CPU
		{315582EB-2550-44BD-9FEE-7D7160BE55BA}.Release|Any CPU.ActiveCfg = Release|Any CPU
		{315582EB-2550-44BD-9FEE-7D7160BE55BA}.Release|Any CPU.Build.0 = Release|Any CPU
		{42920555-0DB1-44C3-B32B-683D83590CC1}.Debug|Any CPU.ActiveCfg = Debug|Any CPU
		{42920555-0DB1-44C3-B32B-683D83590CC1}.Debug|Any CPU.Build.0 = Debug|Any CPU
		{42920555-0DB1-44C3-B32B-683D83590CC1}.Release|Any CPU.ActiveCfg = Release|Any CPU
		{42920555-0DB1-44C3-B32B-683D83590CC1}.Release|Any CPU.Build.0 = Release|Any CPU
		{7D7C51CF-0153-40F3-B9E6-4D386169FCA9}.Debug|Any CPU.ActiveCfg = Debug|Any CPU
		{7D7C51CF-0153-40F3-B9E6-4D386169FCA9}.Debug|Any CPU.Build.0 = Debug|Any CPU
		{7D7C51CF-0153-40F3-B9E6-4D386169FCA9}.Release|Any CPU.ActiveCfg = Release|Any CPU
		{7D7C51CF-0153-40F3-B9E6-4D386169FCA9}.Release|Any CPU.Build.0 = Release|Any CPU
	EndGlobalSection
	GlobalSection(SolutionProperties) = preSolution
		HideSolutionNode = FALSE
	EndGlobalSection
	GlobalSection(NestedProjects) = preSolution
		{315582EB-2550-44BD-9FEE-7D7160BE55BA} = {14D8FAEB-7B1C-4E22-971F-2781B989A67E}
		{42920555-0DB1-44C3-B32B-683D83590CC1} = {A5ED5D24-0CC9-433E-B0B0-77006A673D23}
		{7D7C51CF-0153-40F3-B9E6-4D386169FCA9} = {F4FC5156-DADE-4DA4-9DE6-950377F3941E}
	EndGlobalSection
	GlobalSection(ExtensibilityGlobals) = postSolution
		SolutionGuid = {E51AE16C-3F5C-4AD1-81B0-D07F8CB70AD1}
	EndGlobalSection
EndGlobal
